
Microsoft Visual Studio Solution File, Format Version 12.00
# Visual Studio 15
VisualStudioVersion = 15.0.28307.271
MinimumVisualStudioVersion = 10.0.40219.1
Project("{9A19103F-16F7-4668-BE54-9A1E7A4F7556}") = "CompanyAPI", "CompanyAPI\CompanyAPI.csproj", "{58517257-F4EB-44C3-B203-A0499C6E02F6}"
EndProject
Project("{FAE04EC0-301F-11D3-BF4B-00C04F79EFBC}") = "TestCompanyAPI", "TestCompanyAPI\TestCompanyAPI.csproj", "{FD5A0C70-F1C6-4A29-B1D9-D21FE4C4BEC9}"
EndProject
Global
	GlobalSection(SolutionConfigurationPlatforms) = preSolution
		Debug|Any CPU = Debug|Any CPU
		Release|Any CPU = Release|Any CPU
	EndGlobalSection
	GlobalSection(ProjectConfigurationPlatforms) = postSolution
		{58517257-F4EB-44C3-B203-A0499C6E02F6}.Debug|Any CPU.ActiveCfg = Debug|Any CPU
		{58517257-F4EB-44C3-B203-A0499C6E02F6}.Debug|Any CPU.Build.0 = Debug|Any CPU
		{58517257-F4EB-44C3-B203-A0499C6E02F6}.Release|Any CPU.ActiveCfg = Release|Any CPU
		{58517257-F4EB-44C3-B203-A0499C6E02F6}.Release|Any CPU.Build.0 = Release|Any CPU
		{FD5A0C70-F1C6-4A29-B1D9-D21FE4C4BEC9}.Debug|Any CPU.ActiveCfg = Debug|Any CPU
		{FD5A0C70-F1C6-4A29-B1D9-D21FE4C4BEC9}.Debug|Any CPU.Build.0 = Debug|Any CPU
		{FD5A0C70-F1C6-4A29-B1D9-D21FE4C4BEC9}.Release|Any CPU.ActiveCfg = Release|Any CPU
		{FD5A0C70-F1C6-4A29-B1D9-D21FE4C4BEC9}.Release|Any CPU.Build.0 = Release|Any CPU
	EndGlobalSection
	GlobalSection(SolutionProperties) = preSolution
		HideSolutionNode = FALSE
	EndGlobalSection
	GlobalSection(ExtensibilityGlobals) = postSolution
		SolutionGuid = {F4363D13-21CC-4BA8-939F-2F691BC3AA89}
	EndGlobalSection
EndGlobal
